
Microsoft Visual Studio Solution File, Format Version 12.00
# Visual Studio Version 16
VisualStudioVersion = 16.0.30309.148
MinimumVisualStudioVersion = 10.0.40219.1
Project("{FAE04EC0-301F-11D3-BF4B-00C04F79EFBC}") = "ProductDataAcessLib", "ProductDataAcessLib\ProductDataAcessLib.csproj", "{1176E633-9DB9-4F4A-9E5E-76717CDFA089}"
EndProject
Project("{FAE04EC0-301F-11D3-BF4B-00C04F79EFBC}") = "ProductMVCWebApplication", "ProductMVCWebApplication\ProductMVCWebApplication.csproj", "{127EFF00-2301-4B83-8BD6-38E87FC45C99}"
EndProject
Global
	GlobalSection(SolutionConfigurationPlatforms) = preSolution
		Debug|Any CPU = Debug|Any CPU
		Release|Any CPU = Release|Any CPU
	EndGlobalSection
	GlobalSection(ProjectConfigurationPlatforms) = postSolution
		{1176E633-9DB9-4F4A-9E5E-76717CDFA089}.Debug|Any CPU.ActiveCfg = Debug|Any CPU
		{1176E633-9DB9-4F4A-9E5E-76717CDFA089}.Debug|Any CPU.Build.0 = Debug|Any CPU
		{1176E633-9DB9-4F4A-9E5E-76717CDFA089}.Release|Any CPU.ActiveCfg = Release|Any CPU
		{1176E633-9DB9-4F4A-9E5E-76717CDFA089}.Release|Any CPU.Build.0 = Release|Any CPU
		{127EFF00-2301-4B83-8BD6-38E87FC45C99}.Debug|Any CPU.ActiveCfg = Debug|Any CPU
		{127EFF00-2301-4B83-8BD6-38E87FC45C99}.Debug|Any CPU.Build.0 = Debug|Any CPU
		{127EFF00-2301-4B83-8BD6-38E87FC45C99}.Release|Any CPU.ActiveCfg = Release|Any CPU
		{127EFF00-2301-4B83-8BD6-38E87FC45C99}.Release|Any CPU.Build.0 = Release|Any CPU
	EndGlobalSection
	GlobalSection(SolutionProperties) = preSolution
		HideSolutionNode = FALSE
	EndGlobalSection
	GlobalSection(ExtensibilityGlobals) = postSolution
		SolutionGuid = {2DCFC9FA-B778-466C-8B29-9A827E7AD964}
	EndGlobalSection
EndGlobal
