
Microsoft Visual Studio Solution File, Format Version 12.00
# Visual Studio Version 16
VisualStudioVersion = 16.0.30309.148
MinimumVisualStudioVersion = 10.0.40219.1
Project("{FAE04EC0-301F-11D3-BF4B-00C04F79EFBC}") = "DALLayer", "DALLayer\DALLayer.csproj", "{17442F87-8C7D-4798-85CC-4B311C09B310}"
EndProject
Project("{FAE04EC0-301F-11D3-BF4B-00C04F79EFBC}") = "webform", "webform\webform.csproj", "{3F21D82B-794B-4928-B48A-6C9BE094920C}"
EndProject
Project("{FAE04EC0-301F-11D3-BF4B-00C04F79EFBC}") = "ConsoleUI", "ConsoleUI\ConsoleUI.csproj", "{0C2C1B37-F92D-4DE9-A392-906B64BD6904}"
EndProject
Project("{FAE04EC0-301F-11D3-BF4B-00C04F79EFBC}") = "Businesslayer", "Businesslayer\Businesslayer.csproj", "{32B8C877-A0D8-4585-B8D3-8CBB1D91E043}"
EndProject
Project("{FAE04EC0-301F-11D3-BF4B-00C04F79EFBC}") = "Entitylayer", "Entitylayer\Entitylayer.csproj", "{84B09801-61C4-4671-A0E3-0F60454B1836}"
EndProject
Global
	GlobalSection(SolutionConfigurationPlatforms) = preSolution
		Debug|Any CPU = Debug|Any CPU
		Release|Any CPU = Release|Any CPU
	EndGlobalSection
	GlobalSection(ProjectConfigurationPlatforms) = postSolution
		{17442F87-8C7D-4798-85CC-4B311C09B310}.Debug|Any CPU.ActiveCfg = Debug|Any CPU
		{17442F87-8C7D-4798-85CC-4B311C09B310}.Debug|Any CPU.Build.0 = Debug|Any CPU
		{17442F87-8C7D-4798-85CC-4B311C09B310}.Release|Any CPU.ActiveCfg = Release|Any CPU
		{17442F87-8C7D-4798-85CC-4B311C09B310}.Release|Any CPU.Build.0 = Release|Any CPU
		{3F21D82B-794B-4928-B48A-6C9BE094920C}.Debug|Any CPU.ActiveCfg = Debug|Any CPU
		{3F21D82B-794B-4928-B48A-6C9BE094920C}.Debug|Any CPU.Build.0 = Debug|Any CPU
		{3F21D82B-794B-4928-B48A-6C9BE094920C}.Release|Any CPU.ActiveCfg = Release|Any CPU
		{3F21D82B-794B-4928-B48A-6C9BE094920C}.Release|Any CPU.Build.0 = Release|Any CPU
		{0C2C1B37-F92D-4DE9-A392-906B64BD6904}.Debug|Any CPU.ActiveCfg = Debug|Any CPU
		{0C2C1B37-F92D-4DE9-A392-906B64BD6904}.Debug|Any CPU.Build.0 = Debug|Any CPU
		{0C2C1B37-F92D-4DE9-A392-906B64BD6904}.Release|Any CPU.ActiveCfg = Release|Any CPU
		{0C2C1B37-F92D-4DE9-A392-906B64BD6904}.Release|Any CPU.Build.0 = Release|Any CPU
		{32B8C877-A0D8-4585-B8D3-8CBB1D91E043}.Debug|Any CPU.ActiveCfg = Debug|Any CPU
		{32B8C877-A0D8-4585-B8D3-8CBB1D91E043}.Debug|Any CPU.Build.0 = Debug|Any CPU
		{32B8C877-A0D8-4585-B8D3-8CBB1D91E043}.Release|Any CPU.ActiveCfg = Release|Any CPU
		{32B8C877-A0D8-4585-B8D3-8CBB1D91E043}.Release|Any CPU.Build.0 = Release|Any CPU
		{84B09801-61C4-4671-A0E3-0F60454B1836}.Debug|Any CPU.ActiveCfg = Debug|Any CPU
		{84B09801-61C4-4671-A0E3-0F60454B1836}.Debug|Any CPU.Build.0 = Debug|Any CPU
		{84B09801-61C4-4671-A0E3-0F60454B1836}.Release|Any CPU.ActiveCfg = Release|Any CPU
		{84B09801-61C4-4671-A0E3-0F60454B1836}.Release|Any CPU.Build.0 = Release|Any CPU
	EndGlobalSection
	GlobalSection(SolutionProperties) = preSolution
		HideSolutionNode = FALSE
	EndGlobalSection
	GlobalSection(ExtensibilityGlobals) = postSolution
		SolutionGuid = {BB276760-29AC-4E11-A771-0946B8C184B9}
	EndGlobalSection
EndGlobal
