
Microsoft Visual Studio Solution File, Format Version 12.00
# Visual Studio Version 16
VisualStudioVersion = 16.0.30309.148
MinimumVisualStudioVersion = 10.0.40219.1
Project("{FAE04EC0-301F-11D3-BF4B-00C04F79EFBC}") = "JuiceShopDAL", "JuiceShopDAL\JuiceShopDAL.csproj", "{E98A02BD-9662-4731-99E9-D060EF7197AA}"
EndProject
Project("{FAE04EC0-301F-11D3-BF4B-00C04F79EFBC}") = "JuiceShopClient", "JuiceShopClient\JuiceShopClient.csproj", "{CC3A22BD-9A44-4337-A947-BC50AACB9F6F}"
EndProject
Project("{FAE04EC0-301F-11D3-BF4B-00C04F79EFBC}") = "JuiceShopBusinessLayer", "JuiceShopBusinessLayer\JuiceShopBusinessLayer.csproj", "{90344B6A-0FCF-433E-95FA-A9D34CE01540}"
EndProject
Project("{FAE04EC0-301F-11D3-BF4B-00C04F79EFBC}") = "JuiceShopEntityLayer", "JuiceShopEntityLayer\JuiceShopEntityLayer.csproj", "{B89004EA-D3B7-4B7E-BA1D-AA496967A18C}"
EndProject
Global
	GlobalSection(SolutionConfigurationPlatforms) = preSolution
		Debug|Any CPU = Debug|Any CPU
		Release|Any CPU = Release|Any CPU
	EndGlobalSection
	GlobalSection(ProjectConfigurationPlatforms) = postSolution
		{E98A02BD-9662-4731-99E9-D060EF7197AA}.Debug|Any CPU.ActiveCfg = Debug|Any CPU
		{E98A02BD-9662-4731-99E9-D060EF7197AA}.Debug|Any CPU.Build.0 = Debug|Any CPU
		{E98A02BD-9662-4731-99E9-D060EF7197AA}.Release|Any CPU.ActiveCfg = Release|Any CPU
		{E98A02BD-9662-4731-99E9-D060EF7197AA}.Release|Any CPU.Build.0 = Release|Any CPU
		{CC3A22BD-9A44-4337-A947-BC50AACB9F6F}.Debug|Any CPU.ActiveCfg = Debug|Any CPU
		{CC3A22BD-9A44-4337-A947-BC50AACB9F6F}.Debug|Any CPU.Build.0 = Debug|Any CPU
		{CC3A22BD-9A44-4337-A947-BC50AACB9F6F}.Release|Any CPU.ActiveCfg = Release|Any CPU
		{CC3A22BD-9A44-4337-A947-BC50AACB9F6F}.Release|Any CPU.Build.0 = Release|Any CPU
		{90344B6A-0FCF-433E-95FA-A9D34CE01540}.Debug|Any CPU.ActiveCfg = Debug|Any CPU
		{90344B6A-0FCF-433E-95FA-A9D34CE01540}.Debug|Any CPU.Build.0 = Debug|Any CPU
		{90344B6A-0FCF-433E-95FA-A9D34CE01540}.Release|Any CPU.ActiveCfg = Release|Any CPU
		{90344B6A-0FCF-433E-95FA-A9D34CE01540}.Release|Any CPU.Build.0 = Release|Any CPU
		{B89004EA-D3B7-4B7E-BA1D-AA496967A18C}.Debug|Any CPU.ActiveCfg = Debug|Any CPU
		{B89004EA-D3B7-4B7E-BA1D-AA496967A18C}.Debug|Any CPU.Build.0 = Debug|Any CPU
		{B89004EA-D3B7-4B7E-BA1D-AA496967A18C}.Release|Any CPU.ActiveCfg = Release|Any CPU
		{B89004EA-D3B7-4B7E-BA1D-AA496967A18C}.Release|Any CPU.Build.0 = Release|Any CPU
	EndGlobalSection
	GlobalSection(SolutionProperties) = preSolution
		HideSolutionNode = FALSE
	EndGlobalSection
	GlobalSection(ExtensibilityGlobals) = postSolution
		SolutionGuid = {3C9F1483-CF4E-4A40-A440-B58D88822CE1}
	EndGlobalSection
EndGlobal
